
Microsoft Visual Studio Solution File, Format Version 12.00
# Visual Studio 2013
VisualStudioVersion = 12.0.40629.0
MinimumVisualStudioVersion = 10.0.40219.1
Project("{FAE04EC0-301F-11D3-BF4B-00C04F79EFBC}") = "Tier.Gui", "Tier.Gui\Tier.Gui.csproj", "{52993671-C99D-421C-8528-E04DACAE6148}"
	ProjectSection(ProjectDependencies) = postProject
		{2527DC29-7161-4B30-9223-9CC428303545} = {2527DC29-7161-4B30-9223-9CC428303545}
		{97512EF2-A7BF-4BDD-8415-322AFD6E0FE5} = {97512EF2-A7BF-4BDD-8415-322AFD6E0FE5}
	EndProjectSection
EndProject
Project("{FAE04EC0-301F-11D3-BF4B-00C04F79EFBC}") = "Tier.Business", "Tier.Business\Tier.Business.csproj", "{97512EF2-A7BF-4BDD-8415-322AFD6E0FE5}"
	ProjectSection(ProjectDependencies) = postProject
		{2527DC29-7161-4B30-9223-9CC428303545} = {2527DC29-7161-4B30-9223-9CC428303545}
		{53993543-C201-4DB2-8BF1-CC7C46A6B9DC} = {53993543-C201-4DB2-8BF1-CC7C46A6B9DC}
	EndProjectSection
EndProject
Project("{FAE04EC0-301F-11D3-BF4B-00C04F79EFBC}") = "Tier.Data", "Tier.Data\Tier.Data.csproj", "{53993543-C201-4DB2-8BF1-CC7C46A6B9DC}"
	ProjectSection(ProjectDependencies) = postProject
		{2527DC29-7161-4B30-9223-9CC428303545} = {2527DC29-7161-4B30-9223-9CC428303545}
	EndProjectSection
EndProject
Project("{FAE04EC0-301F-11D3-BF4B-00C04F79EFBC}") = "Tier.Dto", "Tier.Dto\Tier.Dto.csproj", "{2527DC29-7161-4B30-9223-9CC428303545}"
EndProject
Project("{2150E333-8FDC-42A3-9474-1A3956D46DE8}") = "Resources", "Resources", "{87C5E27C-7BC7-4DE4-BF8F-7355942081EA}"
	ProjectSection(SolutionItems) = preProject
		Resources\FrontEnd_Itop_Model.mwb = Resources\FrontEnd_Itop_Model.mwb
		Resources\Store Procedure Basic Structure.sql = Resources\Store Procedure Basic Structure.sql
	EndProjectSection
EndProject
Project("{2150E333-8FDC-42A3-9474-1A3956D46DE8}") = "Libraries", "Libraries", "{EB863268-94B5-4E1C-B3A3-7D1F3FC66862}"
	ProjectSection(SolutionItems) = preProject
		Resources\Libraries\MySql.Data.dll = Resources\Libraries\MySql.Data.dll
	EndProjectSection
EndProject
Project("{FAE04EC0-301F-11D3-BF4B-00C04F79EFBC}") = "Tier.Transverse", "Tier.Transverse\Tier.Transverse.csproj", "{9446FFA6-E927-440B-9FE8-BAB9AD340A8D}"
EndProject
Project("{FAE04EC0-301F-11D3-BF4B-00C04F79EFBC}") = "Tier.ServiceNotification", "Tier.ServiceNotification\Tier.ServiceNotification.csproj", "{6F2A1B9F-EDDE-489B-8E2B-8210C594E96E}"
EndProject
Global
	GlobalSection(SolutionConfigurationPlatforms) = preSolution
		Debug|Any CPU = Debug|Any CPU
		Release|Any CPU = Release|Any CPU
	EndGlobalSection
	GlobalSection(ProjectConfigurationPlatforms) = postSolution
		{52993671-C99D-421C-8528-E04DACAE6148}.Debug|Any CPU.ActiveCfg = Debug|Any CPU
		{52993671-C99D-421C-8528-E04DACAE6148}.Debug|Any CPU.Build.0 = Debug|Any CPU
		{52993671-C99D-421C-8528-E04DACAE6148}.Release|Any CPU.ActiveCfg = Release|Any CPU
		{52993671-C99D-421C-8528-E04DACAE6148}.Release|Any CPU.Build.0 = Release|Any CPU
		{97512EF2-A7BF-4BDD-8415-322AFD6E0FE5}.Debug|Any CPU.ActiveCfg = Debug|Any CPU
		{97512EF2-A7BF-4BDD-8415-322AFD6E0FE5}.Debug|Any CPU.Build.0 = Debug|Any CPU
		{97512EF2-A7BF-4BDD-8415-322AFD6E0FE5}.Release|Any CPU.ActiveCfg = Release|Any CPU
		{97512EF2-A7BF-4BDD-8415-322AFD6E0FE5}.Release|Any CPU.Build.0 = Release|Any CPU
		{53993543-C201-4DB2-8BF1-CC7C46A6B9DC}.Debug|Any CPU.ActiveCfg = Debug|Any CPU
		{53993543-C201-4DB2-8BF1-CC7C46A6B9DC}.Debug|Any CPU.Build.0 = Debug|Any CPU
		{53993543-C201-4DB2-8BF1-CC7C46A6B9DC}.Release|Any CPU.ActiveCfg = Release|Any CPU
		{53993543-C201-4DB2-8BF1-CC7C46A6B9DC}.Release|Any CPU.Build.0 = Release|Any CPU
		{2527DC29-7161-4B30-9223-9CC428303545}.Debug|Any CPU.ActiveCfg = Debug|Any CPU
		{2527DC29-7161-4B30-9223-9CC428303545}.Debug|Any CPU.Build.0 = Debug|Any CPU
		{2527DC29-7161-4B30-9223-9CC428303545}.Release|Any CPU.ActiveCfg = Release|Any CPU
		{2527DC29-7161-4B30-9223-9CC428303545}.Release|Any CPU.Build.0 = Release|Any CPU
		{9446FFA6-E927-440B-9FE8-BAB9AD340A8D}.Debug|Any CPU.ActiveCfg = Debug|Any CPU
		{9446FFA6-E927-440B-9FE8-BAB9AD340A8D}.Debug|Any CPU.Build.0 = Debug|Any CPU
		{9446FFA6-E927-440B-9FE8-BAB9AD340A8D}.Release|Any CPU.ActiveCfg = Release|Any CPU
		{9446FFA6-E927-440B-9FE8-BAB9AD340A8D}.Release|Any CPU.Build.0 = Release|Any CPU
		{6F2A1B9F-EDDE-489B-8E2B-8210C594E96E}.Debug|Any CPU.ActiveCfg = Debug|Any CPU
		{6F2A1B9F-EDDE-489B-8E2B-8210C594E96E}.Debug|Any CPU.Build.0 = Debug|Any CPU
		{6F2A1B9F-EDDE-489B-8E2B-8210C594E96E}.Release|Any CPU.ActiveCfg = Release|Any CPU
		{6F2A1B9F-EDDE-489B-8E2B-8210C594E96E}.Release|Any CPU.Build.0 = Release|Any CPU
	EndGlobalSection
	GlobalSection(SolutionProperties) = preSolution
		HideSolutionNode = FALSE
	EndGlobalSection
	GlobalSection(NestedProjects) = preSolution
		{EB863268-94B5-4E1C-B3A3-7D1F3FC66862} = {87C5E27C-7BC7-4DE4-BF8F-7355942081EA}
	EndGlobalSection
	GlobalSection(ExtensibilityGlobals) = postSolution
		EnterpriseLibraryConfigurationToolBinariesPathV6 = packages\EnterpriseLibrary.Common.6.0.1304.0\lib\NET45;packages\EnterpriseLibrary.Data.6.0.1304.0\lib\NET45
	EndGlobalSection
EndGlobal
